{
  "name": "myWebsite",
  "lockfileVersion": 2,
  "requires": true,
  "packages": {
    "": {
      "dependencies": {
        "seamless-scroll-polyfill": "^2.1.8"
      }
    },
    "node_modules/seamless-scroll-polyfill": {
      "version": "2.1.8",
      "resolved": "https://registry.npmjs.org/seamless-scroll-polyfill/-/seamless-scroll-polyfill-2.1.8.tgz",
      "integrity": "sha512-cF92Op90//vEpHphRx25rttJGXIgxcTB1WR5y0ODQhN7O4d0lSEOp5+l3sQDx0aAZ2MfXCqFEb/rG/3ghvVDIQ=="
    }
  },
  "dependencies": {
    "seamless-scroll-polyfill": {
      "version": "2.1.8",
      "resolved": "https://registry.npmjs.org/seamless-scroll-polyfill/-/seamless-scroll-polyfill-2.1.8.tgz",
      "integrity": "sha512-cF92Op90//vEpHphRx25rttJGXIgxcTB1WR5y0ODQhN7O4d0lSEOp5+l3sQDx0aAZ2MfXCqFEb/rG/3ghvVDIQ=="
    }
  }
}
